# THIS IS AN AUTOGENERATED FILE. DO NOT EDIT THIS FILE DIRECTLY.
# yarn lockfile v1

"alias@npm:@scope/real@^3":
  version "3.1.0"
  resolved "https://fixture-user:fixture-secret@127.0.0.1/real.tgz?token=fixture-secret#abcdef1234567"
  integrity sha512-YWJjZA==

app@^1:
  version "1.0.0"
  dependencies:
    shared "~1.2"
    cycle "^1"
  optionalDependencies:
    native "^1"

cycle@^1:
  version "1.0.0"
  dependencies:
    app "^1"

native@^1:
  version "1.0.0"
  permissions:
    build true
  prebuiltVariants:
    linux "ignored-prebuilt-metadata"

shared@^1, "shared@~1.2":
  version "1.2.3"

shared@^2:
  version "2.0.0"

tool@^1:
  version "1.0.0"
  dependencies:
    shared "^2"
    app "^1"
